// !$*UTF8*$!
{
	archiveVersion = 1;
	classes = {
	};
	objectVersion = 48;
	objects = {

/* Begin PBXBuildFile section */
		3909C0DC201E47AC00AF66F6 /* FontOutliner.cpp in Sources */ = {isa = PBXBuildFile; fileRef = 3909C0DA201E47AC00AF66F6 /* FontOutliner.cpp */; };
		3909C0DF201E702800AF66F6 /* Vectorizer.cpp in Sources */ = {isa = PBXBuildFile; fileRef = 3909C0DD201E702800AF66F6 /* Vectorizer.cpp */; };
		39131671200F6FE700F691B5 /* Val02.cpp in Sources */ = {isa = PBXBuildFile; fileRef = 3913166F200F6FE700F691B5 /* Val02.cpp */; };
		39131674200F99A200F691B5 /* ml1.cpp in Sources */ = {isa = PBXBuildFile; fileRef = 39131672200F99A000F691B5 /* ml1.cpp */; };
		3915234F2019E25A002AF97A /* UIButton.cpp in Sources */ = {isa = PBXBuildFile; fileRef = 3915234D2019E25A002AF97A /* UIButton.cpp */; };
		39152356201B1541002AF97A /* ProtocolRenderer.cpp in Sources */ = {isa = PBXBuildFile; fileRef = 39152354201B1541002AF97A /* ProtocolRenderer.cpp */; };
		3915235A201B2DCF002AF97A /* IndexEngine.cpp in Sources */ = {isa = PBXBuildFile; fileRef = 39152358201B2DCF002AF97A /* IndexEngine.cpp */; };
		3915235D201B2EE2002AF97A /* JSONExporter.cpp in Sources */ = {isa = PBXBuildFile; fileRef = 3915235C201B2EE2002AF97A /* JSONExporter.cpp */; };
		39152360201B2EF5002AF97A /* JSONImporter.cpp in Sources */ = {isa = PBXBuildFile; fileRef = 3915235E201B2EF4002AF97A /* JSONImporter.cpp */; };
		391C9048201744A60003E2B7 /* jsonObject.cpp in Sources */ = {isa = PBXBuildFile; fileRef = 391C9047201744A60003E2B7 /* jsonObject.cpp */; };
		391C904C20174D530003E2B7 /* VectorImagesToJSONExporter.cpp in Sources */ = {isa = PBXBuildFile; fileRef = 391C904A20174D530003E2B7 /* VectorImagesToJSONExporter.cpp */; };
		391C904F201783E10003E2B7 /* JSONToVectorImagesImporter.cpp in Sources */ = {isa = PBXBuildFile; fileRef = 391C904D201783E10003E2B7 /* JSONToVectorImagesImporter.cpp */; };
		391C905F201907B30003E2B7 /* ProtocolsMenu.cpp in Sources */ = {isa = PBXBuildFile; fileRef = 391C905D201907B30003E2B7 /* ProtocolsMenu.cpp */; };
		391CFE472016409D00780A4C /* PythonInstruction.cpp in Sources */ = {isa = PBXBuildFile; fileRef = 391CFE452016409D00780A4C /* PythonInstruction.cpp */; };
		391CFE4A2016657700780A4C /* Utils.cpp in Sources */ = {isa = PBXBuildFile; fileRef = 391CFE482016657700780A4C /* Utils.cpp */; };
		392360122009066D00400C45 /* Val01.cpp in Sources */ = {isa = PBXBuildFile; fileRef = 3923600E2009066D00400C45 /* Val01.cpp */; };
		3923601A20090F6000400C45 /* Interactions.cpp in Sources */ = {isa = PBXBuildFile; fileRef = 3923601920090F6000400C45 /* Interactions.cpp */; };
		3923604B2009105600400C45 /* SoundImporter.cpp in Sources */ = {isa = PBXBuildFile; fileRef = 3923601D2009105500400C45 /* SoundImporter.cpp */; };
		3923604C2009105600400C45 /* ShaderImporter.cpp in Sources */ = {isa = PBXBuildFile; fileRef = 3923601E2009105500400C45 /* ShaderImporter.cpp */; };
		392360522009105600400C45 /* MeshImporter.cpp in Sources */ = {isa = PBXBuildFile; fileRef = 392360272009105500400C45 /* MeshImporter.cpp */; };
		392360552009105600400C45 /* ImageImporter.cpp in Sources */ = {isa = PBXBuildFile; fileRef = 3923602B2009105500400C45 /* ImageImporter.cpp */; };
		392360562009105600400C45 /* FontImporter.cpp in Sources */ = {isa = PBXBuildFile; fileRef = 3923602F2009105500400C45 /* FontImporter.cpp */; };
		392360572009105600400C45 /* RessourcesEngine.cpp in Sources */ = {isa = PBXBuildFile; fileRef = 392360302009105500400C45 /* RessourcesEngine.cpp */; };
		392360592009105600400C45 /* Mesh.cpp in Sources */ = {isa = PBXBuildFile; fileRef = 392360332009105500400C45 /* Mesh.cpp */; };
		3923605A2009105600400C45 /* Asset.cpp in Sources */ = {isa = PBXBuildFile; fileRef = 392360342009105500400C45 /* Asset.cpp */; };
		3923605C2009105600400C45 /* Image.cpp in Sources */ = {isa = PBXBuildFile; fileRef = 392360362009105500400C45 /* Image.cpp */; };
		3923605E2009105600400C45 /* Font.cpp in Sources */ = {isa = PBXBuildFile; fileRef = 392360382009105500400C45 /* Font.cpp */; };
		392360602009105600400C45 /* Shader.cpp in Sources */ = {isa = PBXBuildFile; fileRef = 3923603B2009105500400C45 /* Shader.cpp */; };
		392360622009105600400C45 /* Sound.cpp in Sources */ = {isa = PBXBuildFile; fileRef = 3923603F2009105500400C45 /* Sound.cpp */; };
		392360662009105600400C45 /* primitives.cpp in Sources */ = {isa = PBXBuildFile; fileRef = 392360472009105500400C45 /* primitives.cpp */; };
		392395D9200A30DD00400C45 /* libfreetype.6.dylib in Frameworks */ = {isa = PBXBuildFile; fileRef = 39236013200908F600400C45 /* libfreetype.6.dylib */; };
		392395DA200A30EF00400C45 /* SDL2_image.framework in Frameworks */ = {isa = PBXBuildFile; fileRef = 392360172009092900400C45 /* SDL2_image.framework */; };
		392C9EAF200902E70006ECB9 /* Igniter.cpp in Sources */ = {isa = PBXBuildFile; fileRef = 392C9E93200902E70006ECB9 /* Igniter.cpp */; };
		392C9EB0200902E70006ECB9 /* Core.cpp in Sources */ = {isa = PBXBuildFile; fileRef = 392C9E94200902E70006ECB9 /* Core.cpp */; };
		392C9EB1200902E70006ECB9 /* AppObject.cpp in Sources */ = {isa = PBXBuildFile; fileRef = 392C9E95200902E70006ECB9 /* AppObject.cpp */; };
		392C9EB3200902E70006ECB9 /* Interface.cpp in Sources */ = {isa = PBXBuildFile; fileRef = 392C9E9E200902E70006ECB9 /* Interface.cpp */; };
		392C9EB4200902E70006ECB9 /* Bezier.cpp in Sources */ = {isa = PBXBuildFile; fileRef = 392C9EA3200902E70006ECB9 /* Bezier.cpp */; };
		392C9EB7200902E70006ECB9 /* SDL.cpp in Sources */ = {isa = PBXBuildFile; fileRef = 392C9EA8200902E70006ECB9 /* SDL.cpp */; };
		392C9EB8200902E70006ECB9 /* ShaderProgram.cpp in Sources */ = {isa = PBXBuildFile; fileRef = 392C9EAC200902E70006ECB9 /* ShaderProgram.cpp */; };
		392C9EB9200902E70006ECB9 /* DrawCursor.cpp in Sources */ = {isa = PBXBuildFile; fileRef = 392C9EAE200902E70006ECB9 /* DrawCursor.cpp */; };
		394F942C20161C350065CE25 /* Python.framework in Frameworks */ = {isa = PBXBuildFile; fileRef = 394F942B20161C340065CE25 /* Python.framework */; };
		394F942F2016209C0065CE25 /* Python.cpp in Sources */ = {isa = PBXBuildFile; fileRef = 394F942D2016209C0065CE25 /* Python.cpp */; };
		3952DCAB200BEBCE0098779F /* libraries.cpp in Sources */ = {isa = PBXBuildFile; fileRef = 3952DCAA200BEBCE0098779F /* libraries.cpp */; };
		3952DCAE200BFA820098779F /* SVGImporter.cpp in Sources */ = {isa = PBXBuildFile; fileRef = 3952DCAC200BFA820098779F /* SVGImporter.cpp */; };
		3952DCB1200BFC600098779F /* VectorImage.cpp in Sources */ = {isa = PBXBuildFile; fileRef = 3952DCAF200BFC600098779F /* VectorImage.cpp */; };
		3952DCBA200E4BB50098779F /* Shape.cpp in Sources */ = {isa = PBXBuildFile; fileRef = 3952DCB8200E4BB50098779F /* Shape.cpp */; };
		3967C57120108C2A006E31AB /* MeshGroup.cpp in Sources */ = {isa = PBXBuildFile; fileRef = 3967C56F20108C2A006E31AB /* MeshGroup.cpp */; };
		3967C577201117BA006E31AB /* ml2.cpp in Sources */ = {isa = PBXBuildFile; fileRef = 3967C575201117B9006E31AB /* ml2.cpp */; };
		3967C57A2011F94D006E31AB /* Gen01.cpp in Sources */ = {isa = PBXBuildFile; fileRef = 3967C5782011F94D006E31AB /* Gen01.cpp */; };
		3967C58320121F2A006E31AB /* InstructionParameters.cpp in Sources */ = {isa = PBXBuildFile; fileRef = 3967C58120121F2A006E31AB /* InstructionParameters.cpp */; };
		3967C59420122948006E31AB /* PathsOrderRandomizer.cpp in Sources */ = {isa = PBXBuildFile; fileRef = 3967C59220122948006E31AB /* PathsOrderRandomizer.cpp */; };
		3967C59720122C51006E31AB /* PathsChaining.cpp in Sources */ = {isa = PBXBuildFile; fileRef = 3967C59520122C51006E31AB /* PathsChaining.cpp */; };
		3967C59E20122EF8006E31AB /* SVGExporter.cpp in Sources */ = {isa = PBXBuildFile; fileRef = 3967C59B20122EF8006E31AB /* SVGExporter.cpp */; };
		3967C5A02012308F006E31AB /* InstructionsProtocol.cpp in Sources */ = {isa = PBXBuildFile; fileRef = 3967C59F2012308F006E31AB /* InstructionsProtocol.cpp */; };
		3967C5A320123687006E31AB /* GeneratorEngine.cpp in Sources */ = {isa = PBXBuildFile; fileRef = 3967C5A120123687006E31AB /* GeneratorEngine.cpp */; };
		397A72D6201B3C510025058C /* PathsLinearAlizer.cpp in Sources */ = {isa = PBXBuildFile; fileRef = 397A72CD201B3C500025058C /* PathsLinearAlizer.cpp */; };
		397A72D7201B3C510025058C /* PathsOrientRandomizer.cpp in Sources */ = {isa = PBXBuildFile; fileRef = 397A72CF201B3C510025058C /* PathsOrientRandomizer.cpp */; };
		397A72D8201B3C510025058C /* PathsInvert.cpp in Sources */ = {isa = PBXBuildFile; fileRef = 397A72D3201B3C510025058C /* PathsInvert.cpp */; };
		397A72D9201B3C510025058C /* PathsSquarify.cpp in Sources */ = {isa = PBXBuildFile; fileRef = 397A72D4201B3C510025058C /* PathsSquarify.cpp */; };
		397A72DA201B3C510025058C /* PathsNoise.cpp in Sources */ = {isa = PBXBuildFile; fileRef = 397A72D5201B3C510025058C /* PathsNoise.cpp */; };
		39AF3CCC1FDB4FE10089622E /* SDL2.framework in Frameworks */ = {isa = PBXBuildFile; fileRef = 39AF3CCB1FDB4FE10089622E /* SDL2.framework */; };
		39AF3CD01FDB51AD0089622E /* RenderEngine.cpp in Sources */ = {isa = PBXBuildFile; fileRef = 39AF3CCE1FDB51AD0089622E /* RenderEngine.cpp */; };
		39D90C1A1FDAEE8400282ED1 /* main.cpp in Sources */ = {isa = PBXBuildFile; fileRef = 39D90C181FDAEE8400282ED1 /* main.cpp */; };
		39D90C341FDAEF0F00282ED1 /* AppEngine.cpp in Sources */ = {isa = PBXBuildFile; fileRef = 39D90C2C1FDAEF0F00282ED1 /* AppEngine.cpp */; };
		39D90C3F1FDB403E00282ED1 /* OpenGL.framework in Frameworks */ = {isa = PBXBuildFile; fileRef = 39D90C3E1FDB403E00282ED1 /* OpenGL.framework */; };
		39D90C711FDB4DBD00282ED1 /* libGLEW.2.1.0.dylib in Frameworks */ = {isa = PBXBuildFile; fileRef = 39D90C701FDB4DBD00282ED1 /* libGLEW.2.1.0.dylib */; };
/* End PBXBuildFile section */

/* Begin PBXCopyFilesBuildPhase section */
		397BE0CE1FDAED60006254F0 /* CopyFiles */ = {
			isa = PBXCopyFilesBuildPhase;
			buildActionMask = 2147483647;
			dstPath = /usr/share/man/man1/;
			dstSubfolderSpec = 0;
			files = (
			);
			runOnlyForDeploymentPostprocessing = 1;
		};
/* End PBXCopyFilesBuildPhase section */

/* Begin PBXFileReference section */
		390196D81FDE7E29000F2113 /* artist.svg */ = {isa = PBXFileReference; fileEncoding = 4; lastKnownFileType = text.xml; path = artist.svg; sourceTree = "<group>"; };
		390196DA1FDE7E34000F2113 /* nanosvg.h */ = {isa = PBXFileReference; fileEncoding = 4; lastKnownFileType = sourcecode.c.h; path = nanosvg.h; sourceTree = "<group>"; };
		3909C0DA201E47AC00AF66F6 /* FontOutliner.cpp */ = {isa = PBXFileReference; lastKnownFileType = sourcecode.cpp.cpp; path = FontOutliner.cpp; sourceTree = "<group>"; };
		3909C0DB201E47AC00AF66F6 /* FontOutliner.hpp */ = {isa = PBXFileReference; lastKnownFileType = sourcecode.cpp.h; path = FontOutliner.hpp; sourceTree = "<group>"; };
		3909C0DD201E702800AF66F6 /* Vectorizer.cpp */ = {isa = PBXFileReference; lastKnownFileType = sourcecode.cpp.cpp; path = Vectorizer.cpp; sourceTree = "<group>"; };
		3909C0DE201E702800AF66F6 /* Vectorizer.hpp */ = {isa = PBXFileReference; lastKnownFileType = sourcecode.cpp.h; path = Vectorizer.hpp; sourceTree = "<group>"; };
		3913166F200F6FE700F691B5 /* Val02.cpp */ = {isa = PBXFileReference; lastKnownFileType = sourcecode.cpp.cpp; path = Val02.cpp; sourceTree = "<group>"; };
		39131670200F6FE700F691B5 /* Val02.hpp */ = {isa = PBXFileReference; lastKnownFileType = sourcecode.cpp.h; path = Val02.hpp; sourceTree = "<group>"; };
		39131672200F99A000F691B5 /* ml1.cpp */ = {isa = PBXFileReference; fileEncoding = 4; lastKnownFileType = sourcecode.cpp.cpp; path = ml1.cpp; sourceTree = "<group>"; };
		39131673200F99A100F691B5 /* ml1.hpp */ = {isa = PBXFileReference; fileEncoding = 4; lastKnownFileType = sourcecode.cpp.h; path = ml1.hpp; sourceTree = "<group>"; };
		3915234D2019E25A002AF97A /* UIButton.cpp */ = {isa = PBXFileReference; lastKnownFileType = sourcecode.cpp.cpp; path = UIButton.cpp; sourceTree = "<group>"; };
		3915234E2019E25A002AF97A /* UIButton.hpp */ = {isa = PBXFileReference; lastKnownFileType = sourcecode.cpp.h; path = UIButton.hpp; sourceTree = "<group>"; };
		391523502019F038002AF97A /* textPrinter.fs.glsl */ = {isa = PBXFileReference; lastKnownFileType = text; name = textPrinter.fs.glsl; path = App/build/assets/shaders/textPrinter.fs.glsl; sourceTree = SOURCE_ROOT; };
		39152353201AA398002AF97A /* STEPPER.json */ = {isa = PBXFileReference; lastKnownFileType = text.json; path = STEPPER.json; sourceTree = "<group>"; };
		39152354201B1541002AF97A /* ProtocolRenderer.cpp */ = {isa = PBXFileReference; lastKnownFileType = sourcecode.cpp.cpp; path = ProtocolRenderer.cpp; sourceTree = "<group>"; };
		39152355201B1541002AF97A /* ProtocolRenderer.hpp */ = {isa = PBXFileReference; lastKnownFileType = sourcecode.cpp.h; path = ProtocolRenderer.hpp; sourceTree = "<group>"; };
		39152358201B2DCF002AF97A /* IndexEngine.cpp */ = {isa = PBXFileReference; fileEncoding = 4; lastKnownFileType = sourcecode.cpp.cpp; path = IndexEngine.cpp; sourceTree = "<group>"; };
		39152359201B2DCF002AF97A /* IndexEngine.hpp */ = {isa = PBXFileReference; fileEncoding = 4; lastKnownFileType = sourcecode.cpp.h; path = IndexEngine.hpp; sourceTree = "<group>"; };
		3915235B201B2EE1002AF97A /* JSONExporter.hpp */ = {isa = PBXFileReference; fileEncoding = 4; lastKnownFileType = sourcecode.cpp.h; path = JSONExporter.hpp; sourceTree = "<group>"; };
		3915235C201B2EE2002AF97A /* JSONExporter.cpp */ = {isa = PBXFileReference; fileEncoding = 4; lastKnownFileType = sourcecode.cpp.cpp; path = JSONExporter.cpp; sourceTree = "<group>"; };
		3915235E201B2EF4002AF97A /* JSONImporter.cpp */ = {isa = PBXFileReference; fileEncoding = 4; lastKnownFileType = sourcecode.cpp.cpp; path = JSONImporter.cpp; sourceTree = "<group>"; };
		3915235F201B2EF5002AF97A /* JSONImporter.hpp */ = {isa = PBXFileReference; fileEncoding = 4; lastKnownFileType = sourcecode.cpp.h; path = JSONImporter.hpp; sourceTree = "<group>"; };
		391C9046201744760003E2B7 /* json.hpp */ = {isa = PBXFileReference; fileEncoding = 4; lastKnownFileType = sourcecode.cpp.h; path = json.hpp; sourceTree = "<group>"; };
		391C9047201744A60003E2B7 /* jsonObject.cpp */ = {isa = PBXFileReference; fileEncoding = 4; lastKnownFileType = sourcecode.cpp.cpp; path = jsonObject.cpp; sourceTree = "<group>"; };
		391C9049201744F40003E2B7 /* jsonObject.hpp */ = {isa = PBXFileReference; fileEncoding = 4; lastKnownFileType = sourcecode.cpp.h; path = jsonObject.hpp; sourceTree = "<group>"; };
		391C904A20174D530003E2B7 /* VectorImagesToJSONExporter.cpp */ = {isa = PBXFileReference; lastKnownFileType = sourcecode.cpp.cpp; path = VectorImagesToJSONExporter.cpp; sourceTree = "<group>"; };
		391C904B20174D530003E2B7 /* VectorImagesToJSONExporter.hpp */ = {isa = PBXFileReference; lastKnownFileType = sourcecode.cpp.h; path = VectorImagesToJSONExporter.hpp; sourceTree = "<group>"; };
		391C904D201783E10003E2B7 /* JSONToVectorImagesImporter.cpp */ = {isa = PBXFileReference; lastKnownFileType = sourcecode.cpp.cpp; path = JSONToVectorImagesImporter.cpp; sourceTree = "<group>"; };
		391C904E201783E10003E2B7 /* JSONToVectorImagesImporter.hpp */ = {isa = PBXFileReference; lastKnownFileType = sourcecode.cpp.h; path = JSONToVectorImagesImporter.hpp; sourceTree = "<group>"; };
		391C9055201879480003E2B7 /* Bezier.py */ = {isa = PBXFileReference; fileEncoding = 4; lastKnownFileType = text.script.python; path = Bezier.py; sourceTree = "<group>"; };
		391C9056201879480003E2B7 /* __init__.py */ = {isa = PBXFileReference; fileEncoding = 4; lastKnownFileType = text.script.python; path = __init__.py; sourceTree = "<group>"; };
		391C905B201899010003E2B7 /* GENERATE_PRIMITIVE_CUBE.py */ = {isa = PBXFileReference; lastKnownFileType = text.script.python; path = GENERATE_PRIMITIVE_CUBE.py; sourceTree = "<group>"; };
		391C905D201907B30003E2B7 /* ProtocolsMenu.cpp */ = {isa = PBXFileReference; lastKnownFileType = sourcecode.cpp.cpp; path = ProtocolsMenu.cpp; sourceTree = "<group>"; };
		391C905E201907B30003E2B7 /* ProtocolsMenu.hpp */ = {isa = PBXFileReference; lastKnownFileType = sourcecode.cpp.h; path = ProtocolsMenu.hpp; sourceTree = "<group>"; };
		391CFE452016409D00780A4C /* PythonInstruction.cpp */ = {isa = PBXFileReference; lastKnownFileType = sourcecode.cpp.cpp; name = PythonInstruction.cpp; path = App/Engines/GeneratorEngine/Instructions/PythonInstruction.cpp; sourceTree = SOURCE_ROOT; };
		391CFE462016409D00780A4C /* PythonInstruction.hpp */ = {isa = PBXFileReference; lastKnownFileType = sourcecode.cpp.h; name = PythonInstruction.hpp; path = App/Engines/GeneratorEngine/Instructions/PythonInstruction.hpp; sourceTree = SOURCE_ROOT; };
		391CFE482016657700780A4C /* Utils.cpp */ = {isa = PBXFileReference; lastKnownFileType = sourcecode.cpp.cpp; path = Utils.cpp; sourceTree = "<group>"; };
		391CFE492016657700780A4C /* Utils.hpp */ = {isa = PBXFileReference; lastKnownFileType = sourcecode.cpp.h; path = Utils.hpp; sourceTree = "<group>"; };
		3923600B2009066D00400C45 /* Val01.hpp */ = {isa = PBXFileReference; fileEncoding = 4; lastKnownFileType = sourcecode.cpp.h; path = Val01.hpp; sourceTree = "<group>"; };
		3923600E2009066D00400C45 /* Val01.cpp */ = {isa = PBXFileReference; fileEncoding = 4; lastKnownFileType = sourcecode.cpp.cpp; path = Val01.cpp; sourceTree = "<group>"; };
		3923600F2009066D00400C45 /* Scene.hpp */ = {isa = PBXFileReference; fileEncoding = 4; lastKnownFileType = sourcecode.cpp.h; path = Scene.hpp; sourceTree = "<group>"; };
		39236013200908F600400C45 /* libfreetype.6.dylib */ = {isa = PBXFileReference; lastKnownFileType = "compiled.mach-o.dylib"; name = libfreetype.6.dylib; path = ../../../../../usr/local/Cellar/freetype/2.8/lib/libfreetype.6.dylib; sourceTree = "<group>"; };
		392360152009090C00400C45 /* libassimp.4.0.1.dylib */ = {isa = PBXFileReference; lastKnownFileType = "compiled.mach-o.dylib"; name = libassimp.4.0.1.dylib; path = ../../../../../usr/local/Cellar/assimp/4.0.1/lib/libassimp.4.0.1.dylib; sourceTree = "<group>"; };
		392360172009092900400C45 /* SDL2_image.framework */ = {isa = PBXFileReference; lastKnownFileType = wrapper.framework; name = SDL2_image.framework; path = ../../../../../Library/Frameworks/SDL2_image.framework; sourceTree = "<group>"; };
		3923601920090F6000400C45 /* Interactions.cpp */ = {isa = PBXFileReference; lastKnownFileType = sourcecode.cpp.cpp; path = Interactions.cpp; sourceTree = "<group>"; };
		3923601D2009105500400C45 /* SoundImporter.cpp */ = {isa = PBXFileReference; fileEncoding = 4; lastKnownFileType = sourcecode.cpp.cpp; path = SoundImporter.cpp; sourceTree = "<group>"; };
		3923601E2009105500400C45 /* ShaderImporter.cpp */ = {isa = PBXFileReference; fileEncoding = 4; lastKnownFileType = sourcecode.cpp.cpp; path = ShaderImporter.cpp; sourceTree = "<group>"; };
		3923601F2009105500400C45 /* FontImporter.hpp */ = {isa = PBXFileReference; fileEncoding = 4; lastKnownFileType = sourcecode.cpp.h; path = FontImporter.hpp; sourceTree = "<group>"; };
		392360212009105500400C45 /* Importer.hpp */ = {isa = PBXFileReference; fileEncoding = 4; lastKnownFileType = sourcecode.cpp.h; path = Importer.hpp; sourceTree = "<group>"; };
		392360262009105500400C45 /* ImageImporter.hpp */ = {isa = PBXFileReference; fileEncoding = 4; lastKnownFileType = sourcecode.cpp.h; path = ImageImporter.hpp; sourceTree = "<group>"; };
		392360272009105500400C45 /* MeshImporter.cpp */ = {isa = PBXFileReference; fileEncoding = 4; lastKnownFileType = sourcecode.cpp.cpp; path = MeshImporter.cpp; sourceTree = "<group>"; };
		3923602B2009105500400C45 /* ImageImporter.cpp */ = {isa = PBXFileReference; fileEncoding = 4; lastKnownFileType = sourcecode.cpp.cpp; path = ImageImporter.cpp; sourceTree = "<group>"; };
		3923602C2009105500400C45 /* MeshImporter.hpp */ = {isa = PBXFileReference; fileEncoding = 4; lastKnownFileType = sourcecode.cpp.h; path = MeshImporter.hpp; sourceTree = "<group>"; };
		3923602D2009105500400C45 /* SoundImporter.hpp */ = {isa = PBXFileReference; fileEncoding = 4; lastKnownFileType = sourcecode.cpp.h; path = SoundImporter.hpp; sourceTree = "<group>"; };
		3923602E2009105500400C45 /* ShaderImporter.hpp */ = {isa = PBXFileReference; fileEncoding = 4; lastKnownFileType = sourcecode.cpp.h; path = ShaderImporter.hpp; sourceTree = "<group>"; };
		3923602F2009105500400C45 /* FontImporter.cpp */ = {isa = PBXFileReference; fileEncoding = 4; lastKnownFileType = sourcecode.cpp.cpp; path = FontImporter.cpp; sourceTree = "<group>"; };
		392360302009105500400C45 /* RessourcesEngine.cpp */ = {isa = PBXFileReference; fileEncoding = 4; lastKnownFileType = sourcecode.cpp.cpp; path = RessourcesEngine.cpp; sourceTree = "<group>"; };
		392360332009105500400C45 /* Mesh.cpp */ = {isa = PBXFileReference; fileEncoding = 4; lastKnownFileType = sourcecode.cpp.cpp; path = Mesh.cpp; sourceTree = "<group>"; };
		392360342009105500400C45 /* Asset.cpp */ = {isa = PBXFileReference; fileEncoding = 4; lastKnownFileType = sourcecode.cpp.cpp; path = Asset.cpp; sourceTree = "<group>"; };
		392360362009105500400C45 /* Image.cpp */ = {isa = PBXFileReference; fileEncoding = 4; lastKnownFileType = sourcecode.cpp.cpp; path = Image.cpp; sourceTree = "<group>"; };
		392360382009105500400C45 /* Font.cpp */ = {isa = PBXFileReference; fileEncoding = 4; lastKnownFileType = sourcecode.cpp.cpp; path = Font.cpp; sourceTree = "<group>"; };
		392360392009105500400C45 /* Sound.hpp */ = {isa = PBXFileReference; fileEncoding = 4; lastKnownFileType = sourcecode.cpp.h; path = Sound.hpp; sourceTree = "<group>"; };
		3923603B2009105500400C45 /* Shader.cpp */ = {isa = PBXFileReference; fileEncoding = 4; lastKnownFileType = sourcecode.cpp.cpp; path = Shader.cpp; sourceTree = "<group>"; };
		3923603E2009105500400C45 /* Font.hpp */ = {isa = PBXFileReference; fileEncoding = 4; lastKnownFileType = sourcecode.cpp.h; path = Font.hpp; sourceTree = "<group>"; };
		3923603F2009105500400C45 /* Sound.cpp */ = {isa = PBXFileReference; fileEncoding = 4; lastKnownFileType = sourcecode.cpp.cpp; path = Sound.cpp; sourceTree = "<group>"; };
		392360402009105500400C45 /* Shader.hpp */ = {isa = PBXFileReference; fileEncoding = 4; lastKnownFileType = sourcecode.cpp.h; path = Shader.hpp; sourceTree = "<group>"; };
		392360432009105500400C45 /* Mesh.hpp */ = {isa = PBXFileReference; fileEncoding = 4; lastKnownFileType = sourcecode.cpp.h; path = Mesh.hpp; sourceTree = "<group>"; };
		392360442009105500400C45 /* Asset.hpp */ = {isa = PBXFileReference; fileEncoding = 4; lastKnownFileType = sourcecode.cpp.h; path = Asset.hpp; sourceTree = "<group>"; };
		392360452009105500400C45 /* Image.hpp */ = {isa = PBXFileReference; fileEncoding = 4; lastKnownFileType = sourcecode.cpp.h; path = Image.hpp; sourceTree = "<group>"; };
		392360472009105500400C45 /* primitives.cpp */ = {isa = PBXFileReference; fileEncoding = 4; lastKnownFileType = sourcecode.cpp.cpp; path = primitives.cpp; sourceTree = "<group>"; };
		392360482009105500400C45 /* RessourcesEngine.hpp */ = {isa = PBXFileReference; fileEncoding = 4; lastKnownFileType = sourcecode.cpp.h; path = RessourcesEngine.hpp; sourceTree = "<group>"; };
		39236069200A2BEA00400C45 /* ml.svg */ = {isa = PBXFileReference; fileEncoding = 4; lastKnownFileType = text.xml; name = ml.svg; path = App/build/Assets/SVG/ml.svg; sourceTree = SOURCE_ROOT; };
		392C9E8F200901370006ECB9 /* libraries.hpp */ = {isa = PBXFileReference; fileEncoding = 4; lastKnownFileType = sourcecode.cpp.h; path = libraries.hpp; sourceTree = "<group>"; };
		392C9E93200902E70006ECB9 /* Igniter.cpp */ = {isa = PBXFileReference; fileEncoding = 4; lastKnownFileType = sourcecode.cpp.cpp; path = Igniter.cpp; sourceTree = "<group>"; };
		392C9E94200902E70006ECB9 /* Core.cpp */ = {isa = PBXFileReference; fileEncoding = 4; lastKnownFileType = sourcecode.cpp.cpp; path = Core.cpp; sourceTree = "<group>"; };
		392C9E95200902E70006ECB9 /* AppObject.cpp */ = {isa = PBXFileReference; fileEncoding = 4; lastKnownFileType = sourcecode.cpp.cpp; path = AppObject.cpp; sourceTree = "<group>"; };
		392C9E96200902E70006ECB9 /* AppObject.hpp */ = {isa = PBXFileReference; fileEncoding = 4; lastKnownFileType = sourcecode.cpp.h; path = AppObject.hpp; sourceTree = "<group>"; };
		392C9E97200902E70006ECB9 /* Igniter.hpp */ = {isa = PBXFileReference; fileEncoding = 4; lastKnownFileType = sourcecode.cpp.h; path = Igniter.hpp; sourceTree = "<group>"; };
		392C9E98200902E70006ECB9 /* Core.hpp */ = {isa = PBXFileReference; fileEncoding = 4; lastKnownFileType = sourcecode.cpp.h; path = Core.hpp; sourceTree = "<group>"; };
		392C9E9B200902E70006ECB9 /* Interface.hpp */ = {isa = PBXFileReference; fileEncoding = 4; lastKnownFileType = sourcecode.cpp.h; path = Interface.hpp; sourceTree = "<group>"; };
		392C9E9D200902E70006ECB9 /* UIElement.hpp */ = {isa = PBXFileReference; fileEncoding = 4; lastKnownFileType = sourcecode.cpp.h; path = UIElement.hpp; sourceTree = "<group>"; };
		392C9E9E200902E70006ECB9 /* Interface.cpp */ = {isa = PBXFileReference; fileEncoding = 4; lastKnownFileType = sourcecode.cpp.cpp; path = Interface.cpp; sourceTree = "<group>"; };
		392C9E9F200902E70006ECB9 /* Vertex.hpp */ = {isa = PBXFileReference; fileEncoding = 4; lastKnownFileType = sourcecode.cpp.h; path = Vertex.hpp; sourceTree = "<group>"; };
		392C9EA0200902E70006ECB9 /* DrawCursor.hpp */ = {isa = PBXFileReference; fileEncoding = 4; lastKnownFileType = sourcecode.cpp.h; path = DrawCursor.hpp; sourceTree = "<group>"; };
		392C9EA1200902E70006ECB9 /* SDL.hpp */ = {isa = PBXFileReference; fileEncoding = 4; lastKnownFileType = sourcecode.cpp.h; path = SDL.hpp; sourceTree = "<group>"; };
		392C9EA3200902E70006ECB9 /* Bezier.cpp */ = {isa = PBXFileReference; fileEncoding = 4; lastKnownFileType = sourcecode.cpp.cpp; path = Bezier.cpp; sourceTree = "<group>"; };
		392C9EA7200902E70006ECB9 /* ShaderProgram.hpp */ = {isa = PBXFileReference; fileEncoding = 4; lastKnownFileType = sourcecode.cpp.h; path = ShaderProgram.hpp; sourceTree = "<group>"; };
		392C9EA8200902E70006ECB9 /* SDL.cpp */ = {isa = PBXFileReference; fileEncoding = 4; lastKnownFileType = sourcecode.cpp.cpp; path = SDL.cpp; sourceTree = "<group>"; };
		392C9EA9200902E70006ECB9 /* Bezier.hpp */ = {isa = PBXFileReference; fileEncoding = 4; lastKnownFileType = sourcecode.cpp.h; path = Bezier.hpp; sourceTree = "<group>"; };
		392C9EAC200902E70006ECB9 /* ShaderProgram.cpp */ = {isa = PBXFileReference; fileEncoding = 4; lastKnownFileType = sourcecode.cpp.cpp; path = ShaderProgram.cpp; sourceTree = "<group>"; };
		392C9EAD200902E70006ECB9 /* FilePath.hpp */ = {isa = PBXFileReference; fileEncoding = 4; lastKnownFileType = sourcecode.cpp.h; path = FilePath.hpp; sourceTree = "<group>"; };
		392C9EAE200902E70006ECB9 /* DrawCursor.cpp */ = {isa = PBXFileReference; fileEncoding = 4; lastKnownFileType = sourcecode.cpp.cpp; path = DrawCursor.cpp; sourceTree = "<group>"; };
		394F942B20161C340065CE25 /* Python.framework */ = {isa = PBXFileReference; lastKnownFileType = wrapper.framework; name = Python.framework; path = System/Library/Frameworks/Python.framework; sourceTree = SDKROOT; };
		394F942D2016209C0065CE25 /* Python.cpp */ = {isa = PBXFileReference; lastKnownFileType = sourcecode.cpp.cpp; path = Python.cpp; sourceTree = "<group>"; };
		394F942E2016209C0065CE25 /* Python.hpp */ = {isa = PBXFileReference; lastKnownFileType = sourcecode.cpp.h; path = Python.hpp; sourceTree = "<group>"; };
		394F94312016212A0065CE25 /* TEST_TEST_TEST.py */ = {isa = PBXFileReference; explicitFileType = text.script.python; path = TEST_TEST_TEST.py; sourceTree = "<group>"; };
		3952DCAA200BEBCE0098779F /* libraries.cpp */ = {isa = PBXFileReference; lastKnownFileType = sourcecode.cpp.cpp; path = libraries.cpp; sourceTree = "<group>"; };
		3952DCAC200BFA820098779F /* SVGImporter.cpp */ = {isa = PBXFileReference; lastKnownFileType = sourcecode.cpp.cpp; path = SVGImporter.cpp; sourceTree = "<group>"; };
		3952DCAD200BFA820098779F /* SVGImporter.hpp */ = {isa = PBXFileReference; lastKnownFileType = sourcecode.cpp.h; path = SVGImporter.hpp; sourceTree = "<group>"; };
		3952DCAF200BFC600098779F /* VectorImage.cpp */ = {isa = PBXFileReference; lastKnownFileType = sourcecode.cpp.cpp; path = VectorImage.cpp; sourceTree = "<group>"; };
		3952DCB0200BFC600098779F /* VectorImage.hpp */ = {isa = PBXFileReference; lastKnownFileType = sourcecode.cpp.h; path = VectorImage.hpp; sourceTree = "<group>"; };
		3952DCB2200C16700098779F /* main.vs.glsl */ = {isa = PBXFileReference; fileEncoding = 4; lastKnownFileType = text; name = main.vs.glsl; path = App/build/assets/shaders/main.vs.glsl; sourceTree = SOURCE_ROOT; };
		3952DCB4200C16710098779F /* textRenderer.fs.glsl */ = {isa = PBXFileReference; fileEncoding = 4; lastKnownFileType = text; name = textRenderer.fs.glsl; path = App/build/assets/shaders/textRenderer.fs.glsl; sourceTree = SOURCE_ROOT; };
		3952DCB5200C16710098779F /* main.fs.glsl */ = {isa = PBXFileReference; fileEncoding = 4; lastKnownFileType = text; name = main.fs.glsl; path = App/build/assets/shaders/main.fs.glsl; sourceTree = SOURCE_ROOT; };
		3952DCB6200E16830098779F /* handComputer.svg */ = {isa = PBXFileReference; fileEncoding = 4; lastKnownFileType = text.xml; path = handComputer.svg; sourceTree = "<group>"; };
		3952DCB8200E4BB50098779F /* Shape.cpp */ = {isa = PBXFileReference; lastKnownFileType = sourcecode.cpp.cpp; path = Shape.cpp; sourceTree = "<group>"; };
		3952DCB9200E4BB50098779F /* Shape.hpp */ = {isa = PBXFileReference; lastKnownFileType = sourcecode.cpp.h; path = Shape.hpp; sourceTree = "<group>"; };
		3967C56F20108C2A006E31AB /* MeshGroup.cpp */ = {isa = PBXFileReference; lastKnownFileType = sourcecode.cpp.cpp; path = MeshGroup.cpp; sourceTree = "<group>"; };
		3967C57020108C2A006E31AB /* MeshGroup.hpp */ = {isa = PBXFileReference; lastKnownFileType = sourcecode.cpp.h; path = MeshGroup.hpp; sourceTree = "<group>"; };
		3967C5722010967B006E31AB /* github.svg */ = {isa = PBXFileReference; fileEncoding = 4; lastKnownFileType = text; path = github.svg; sourceTree = "<group>"; };
		3967C5732010967B006E31AB /* val.svg */ = {isa = PBXFileReference; fileEncoding = 4; lastKnownFileType = text.xml; path = val.svg; sourceTree = "<group>"; };
		3967C5742010967C006E31AB /* ml3.svg */ = {isa = PBXFileReference; fileEncoding = 4; lastKnownFileType = text.xml; path = ml3.svg; sourceTree = "<group>"; };
		3967C575201117B9006E31AB /* ml2.cpp */ = {isa = PBXFileReference; fileEncoding = 4; lastKnownFileType = sourcecode.cpp.cpp; path = ml2.cpp; sourceTree = "<group>"; };
		3967C576201117BA006E31AB /* ml2.hpp */ = {isa = PBXFileReference; fileEncoding = 4; lastKnownFileType = sourcecode.cpp.h; path = ml2.hpp; sourceTree = "<group>"; };
		3967C5782011F94D006E31AB /* Gen01.cpp */ = {isa = PBXFileReference; lastKnownFileType = sourcecode.cpp.cpp; path = Gen01.cpp; sourceTree = "<group>"; };
		3967C5792011F94D006E31AB /* Gen01.hpp */ = {isa = PBXFileReference; lastKnownFileType = sourcecode.cpp.h; path = Gen01.hpp; sourceTree = "<group>"; };
		3967C57E20120BEC006E31AB /* Instruction.hpp */ = {isa = PBXFileReference; lastKnownFileType = sourcecode.cpp.h; path = Instruction.hpp; sourceTree = "<group>"; };
		3967C58120121F2A006E31AB /* InstructionParameters.cpp */ = {isa = PBXFileReference; lastKnownFileType = sourcecode.cpp.cpp; path = InstructionParameters.cpp; sourceTree = "<group>"; };
		3967C58220121F2A006E31AB /* InstructionParameters.hpp */ = {isa = PBXFileReference; lastKnownFileType = sourcecode.cpp.h; path = InstructionParameters.hpp; sourceTree = "<group>"; };
		3967C58E201225E8006E31AB /* InstructionObject.hpp */ = {isa = PBXFileReference; lastKnownFileType = sourcecode.cpp.h; path = InstructionObject.hpp; sourceTree = "<group>"; };
		3967C59020122666006E31AB /* InstructionsProtocol.hpp */ = {isa = PBXFileReference; lastKnownFileType = sourcecode.cpp.h; path = InstructionsProtocol.hpp; sourceTree = "<group>"; };
		3967C59220122948006E31AB /* PathsOrderRandomizer.cpp */ = {isa = PBXFileReference; lastKnownFileType = sourcecode.cpp.cpp; path = PathsOrderRandomizer.cpp; sourceTree = "<group>"; };
		3967C59320122948006E31AB /* PathsOrderRandomizer.hpp */ = {isa = PBXFileReference; lastKnownFileType = sourcecode.cpp.h; path = PathsOrderRandomizer.hpp; sourceTree = "<group>"; };
		3967C59520122C51006E31AB /* PathsChaining.cpp */ = {isa = PBXFileReference; lastKnownFileType = sourcecode.cpp.cpp; path = PathsChaining.cpp; sourceTree = "<group>"; };
		3967C59620122C51006E31AB /* PathsChaining.hpp */ = {isa = PBXFileReference; lastKnownFileType = sourcecode.cpp.h; path = PathsChaining.hpp; sourceTree = "<group>"; };
		3967C59B20122EF8006E31AB /* SVGExporter.cpp */ = {isa = PBXFileReference; fileEncoding = 4; lastKnownFileType = sourcecode.cpp.cpp; path = SVGExporter.cpp; sourceTree = "<group>"; };
		3967C59C20122EF8006E31AB /* SVGExporter.hpp */ = {isa = PBXFileReference; fileEncoding = 4; lastKnownFileType = sourcecode.cpp.h; path = SVGExporter.hpp; sourceTree = "<group>"; };
		3967C59F2012308F006E31AB /* InstructionsProtocol.cpp */ = {isa = PBXFileReference; lastKnownFileType = sourcecode.cpp.cpp; path = InstructionsProtocol.cpp; sourceTree = "<group>"; };
		3967C5A120123687006E31AB /* GeneratorEngine.cpp */ = {isa = PBXFileReference; lastKnownFileType = sourcecode.cpp.cpp; path = GeneratorEngine.cpp; sourceTree = "<group>"; };
		3967C5A220123687006E31AB /* GeneratorEngine.hpp */ = {isa = PBXFileReference; lastKnownFileType = sourcecode.cpp.h; path = GeneratorEngine.hpp; sourceTree = "<group>"; };
		397A72CC201B3C500025058C /* PathsInvert.hpp */ = {isa = PBXFileReference; fileEncoding = 4; lastKnownFileType = sourcecode.cpp.h; name = PathsInvert.hpp; path = App/Engines/GeneratorEngine/Instructions/Paths/PathsInvert.hpp; sourceTree = SOURCE_ROOT; };
		397A72CD201B3C500025058C /* PathsLinearAlizer.cpp */ = {isa = PBXFileReference; fileEncoding = 4; lastKnownFileType = sourcecode.cpp.cpp; name = PathsLinearAlizer.cpp; path = App/Engines/GeneratorEngine/Instructions/Paths/PathsLinearAlizer.cpp; sourceTree = SOURCE_ROOT; };
		397A72CE201B3C500025058C /* PathsLinearAlizer.hpp */ = {isa = PBXFileReference; fileEncoding = 4; lastKnownFileType = sourcecode.cpp.h; name = PathsLinearAlizer.hpp; path = App/Engines/GeneratorEngine/Instructions/Paths/PathsLinearAlizer.hpp; sourceTree = SOURCE_ROOT; };
		397A72CF201B3C510025058C /* PathsOrientRandomizer.cpp */ = {isa = PBXFileReference; fileEncoding = 4; lastKnownFileType = sourcecode.cpp.cpp; name = PathsOrientRandomizer.cpp; path = App/Engines/GeneratorEngine/Instructions/Paths/PathsOrientRandomizer.cpp; sourceTree = SOURCE_ROOT; };
		397A72D0201B3C510025058C /* PathsNoise.hpp */ = {isa = PBXFileReference; fileEncoding = 4; lastKnownFileType = sourcecode.cpp.h; name = PathsNoise.hpp; path = App/Engines/GeneratorEngine/Instructions/Paths/PathsNoise.hpp; sourceTree = SOURCE_ROOT; };
		397A72D1201B3C510025058C /* PathsOrientRandomizer.hpp */ = {isa = PBXFileReference; fileEncoding = 4; lastKnownFileType = sourcecode.cpp.h; name = PathsOrientRandomizer.hpp; path = App/Engines/GeneratorEngine/Instructions/Paths/PathsOrientRandomizer.hpp; sourceTree = SOURCE_ROOT; };
		397A72D2201B3C510025058C /* PathsSquarify.hpp */ = {isa = PBXFileReference; fileEncoding = 4; lastKnownFileType = sourcecode.cpp.h; name = PathsSquarify.hpp; path = App/Engines/GeneratorEngine/Instructions/Paths/PathsSquarify.hpp; sourceTree = SOURCE_ROOT; };
		397A72D3201B3C510025058C /* PathsInvert.cpp */ = {isa = PBXFileReference; fileEncoding = 4; lastKnownFileType = sourcecode.cpp.cpp; name = PathsInvert.cpp; path = App/Engines/GeneratorEngine/Instructions/Paths/PathsInvert.cpp; sourceTree = SOURCE_ROOT; };
		397A72D4201B3C510025058C /* PathsSquarify.cpp */ = {isa = PBXFileReference; fileEncoding = 4; lastKnownFileType = sourcecode.cpp.cpp; name = PathsSquarify.cpp; path = App/Engines/GeneratorEngine/Instructions/Paths/PathsSquarify.cpp; sourceTree = SOURCE_ROOT; };
		397A72D5201B3C510025058C /* PathsNoise.cpp */ = {isa = PBXFileReference; fileEncoding = 4; lastKnownFileType = sourcecode.cpp.cpp; name = PathsNoise.cpp; path = App/Engines/GeneratorEngine/Instructions/Paths/PathsNoise.cpp; sourceTree = SOURCE_ROOT; };
		397A72DB201B44940025058C /* indexLibrary.json */ = {isa = PBXFileReference; fileEncoding = 4; lastKnownFileType = text.json; name = indexLibrary.json; path = indexLibrary/indexLibrary.json; sourceTree = "<group>"; };
		397A72E1201B45DE0025058C /* ORIENT_RANDOMIZER_CHAINER_SQUARIFIER.json */ = {isa = PBXFileReference; fileEncoding = 4; lastKnownFileType = text.json; path = ORIENT_RANDOMIZER_CHAINER_SQUARIFIER.json; sourceTree = "<group>"; };
		397A72E2201B45DE0025058C /* CHAINER_INVERTER.json */ = {isa = PBXFileReference; fileEncoding = 4; lastKnownFileType = text.json; path = CHAINER_INVERTER.json; sourceTree = "<group>"; };
		397A72E3201B45DE0025058C /* ORIENT_RANDOMIZER_CHAINER.json */ = {isa = PBXFileReference; fileEncoding = 4; lastKnownFileType = text.json; path = ORIENT_RANDOMIZER_CHAINER.json; sourceTree = "<group>"; };
		397A72E4201B45DE0025058C /* INVERTER_SQUARIFIER.json */ = {isa = PBXFileReference; fileEncoding = 4; lastKnownFileType = text.json; path = INVERTER_SQUARIFIER.json; sourceTree = "<group>"; };
		397A72E5201B45DF0025058C /* LINEARIZER.json */ = {isa = PBXFileReference; fileEncoding = 4; lastKnownFileType = text.json; path = LINEARIZER.json; sourceTree = "<group>"; };
		397A72E6201CF9690025058C /* NOISER_SQUARIFIER.json */ = {isa = PBXFileReference; fileEncoding = 4; lastKnownFileType = text.json; path = NOISER_SQUARIFIER.json; sourceTree = "<group>"; };
		397A72E7201CF9690025058C /* INVERTER.json */ = {isa = PBXFileReference; fileEncoding = 4; lastKnownFileType = text.json; path = INVERTER.json; sourceTree = "<group>"; };
		397A72E8201CF9690025058C /* DO_NOTHING.json */ = {isa = PBXFileReference; fileEncoding = 4; lastKnownFileType = text.json; path = DO_NOTHING.json; sourceTree = "<group>"; };
		397A72E9201CF96A0025058C /* NOISER.json */ = {isa = PBXFileReference; fileEncoding = 4; lastKnownFileType = text.json; path = NOISER.json; sourceTree = "<group>"; };
		397A72EA201CF96A0025058C /* MAP_GENERATOR.json */ = {isa = PBXFileReference; fileEncoding = 4; lastKnownFileType = text.json; path = MAP_GENERATOR.json; sourceTree = "<group>"; };
		397A72EB201CF96A0025058C /* ORDER_RANDOMIZER_NOISER.json */ = {isa = PBXFileReference; fileEncoding = 4; lastKnownFileType = text.json; path = ORDER_RANDOMIZER_NOISER.json; sourceTree = "<group>"; };
		397A72EC201CF96A0025058C /* SQUARIFIER.json */ = {isa = PBXFileReference; fileEncoding = 4; lastKnownFileType = text.json; path = SQUARIFIER.json; sourceTree = "<group>"; };
		397A72ED201CF96A0025058C /* CHAINER.json */ = {isa = PBXFileReference; fileEncoding = 4; lastKnownFileType = text.json; path = CHAINER.json; sourceTree = "<group>"; };
		397BE0D01FDAED60006254F0 /* ImagesGeneriques */ = {isa = PBXFileReference; explicitFileType = "compiled.mach-o.executable"; includeInIndex = 0; path = ImagesGeneriques; sourceTree = BUILT_PRODUCTS_DIR; };
		39AF3CCB1FDB4FE10089622E /* SDL2.framework */ = {isa = PBXFileReference; lastKnownFileType = wrapper.framework; name = SDL2.framework; path = ../../../../../Library/Frameworks/SDL2.framework; sourceTree = "<group>"; };
		39AF3CCE1FDB51AD0089622E /* RenderEngine.cpp */ = {isa = PBXFileReference; lastKnownFileType = sourcecode.cpp.cpp; path = RenderEngine.cpp; sourceTree = "<group>"; };
		39AF3CCF1FDB51AD0089622E /* RenderEngine.hpp */ = {isa = PBXFileReference; lastKnownFileType = sourcecode.cpp.h; path = RenderEngine.hpp; sourceTree = "<group>"; };
		39AF3CD11FDB541F0089622E /* ImagesGeneriques */ = {isa = PBXFileReference; lastKnownFileType = "compiled.mach-o.executable"; path = ImagesGeneriques; sourceTree = "<group>"; };
		39D90C141FDAEDDC00282ED1 /* README.md */ = {isa = PBXFileReference; fileEncoding = 4; lastKnownFileType = net.daringfireball.markdown; path = README.md; sourceTree = "<group>"; };
		39D90C161FDAEE1400282ED1 /* Makefile */ = {isa = PBXFileReference; explicitFileType = sourcecode.make; path = Makefile; sourceTree = "<group>"; usesTabs = 1; };
		39D90C181FDAEE8400282ED1 /* main.cpp */ = {isa = PBXFileReference; lastKnownFileType = sourcecode.cpp.cpp; path = main.cpp; sourceTree = "<group>"; };
		39D90C2A1FDAEF0F00282ED1 /* AppEngine.hpp */ = {isa = PBXFileReference; fileEncoding = 4; lastKnownFileType = sourcecode.cpp.h; path = AppEngine.hpp; sourceTree = "<group>"; };
		39D90C2C1FDAEF0F00282ED1 /* AppEngine.cpp */ = {isa = PBXFileReference; fileEncoding = 4; lastKnownFileType = sourcecode.cpp.cpp; path = AppEngine.cpp; sourceTree = "<group>"; };
		39D90C3E1FDB403E00282ED1 /* OpenGL.framework */ = {isa = PBXFileReference; lastKnownFileType = wrapper.framework; name = OpenGL.framework; path = System/Library/Frameworks/OpenGL.framework; sourceTree = SDKROOT; };
		39D90C701FDB4DBD00282ED1 /* libGLEW.2.1.0.dylib */ = {isa = PBXFileReference; lastKnownFileType = "compiled.mach-o.dylib"; name = libGLEW.2.1.0.dylib; path = ../../../../../usr/local/lib/libGLEW.2.1.0.dylib; sourceTree = "<group>"; };
/* End PBXFileReference section */

/* Begin PBXFrameworksBuildPhase section */
		397BE0CD1FDAED60006254F0 /* Frameworks */ = {
			isa = PBXFrameworksBuildPhase;
			buildActionMask = 2147483647;
			files = (
				392395D9200A30DD00400C45 /* libfreetype.6.dylib in Frameworks */,
				39D90C711FDB4DBD00282ED1 /* libGLEW.2.1.0.dylib in Frameworks */,
				39AF3CCC1FDB4FE10089622E /* SDL2.framework in Frameworks */,
				392395DA200A30EF00400C45 /* SDL2_image.framework in Frameworks */,
				39D90C3F1FDB403E00282ED1 /* OpenGL.framework in Frameworks */,
				394F942C20161C350065CE25 /* Python.framework in Frameworks */,
			);
			runOnlyForDeploymentPostprocessing = 0;
		};
/* End PBXFrameworksBuildPhase section */

/* Begin PBXGroup section */
		390196C91FDDD956000F2113 /* assets */ = {
			isa = PBXGroup;
			children = (
				39152351201A8606002AF97A /* protocols */,
				394F9430201620D40065CE25 /* instructions */,
				390196D71FDE7E29000F2113 /* SVG */,
				390196CA1FDDD95C000F2113 /* Shaders */,
			);
			path = assets;
			sourceTree = "<group>";
		};
		390196CA1FDDD95C000F2113 /* Shaders */ = {
			isa = PBXGroup;
			children = (
				3952DCB5200C16710098779F /* main.fs.glsl */,
				3952DCB2200C16700098779F /* main.vs.glsl */,
				3952DCB4200C16710098779F /* textRenderer.fs.glsl */,
				391523502019F038002AF97A /* textPrinter.fs.glsl */,
			);
			path = Shaders;
			sourceTree = "<group>";
		};
		390196D71FDE7E29000F2113 /* SVG */ = {
			isa = PBXGroup;
			children = (
				3967C5722010967B006E31AB /* github.svg */,
				3967C5742010967C006E31AB /* ml3.svg */,
				3967C5732010967B006E31AB /* val.svg */,
				3952DCB6200E16830098779F /* handComputer.svg */,
				39236069200A2BEA00400C45 /* ml.svg */,
				390196D81FDE7E29000F2113 /* artist.svg */,
			);
			path = SVG;
			sourceTree = "<group>";
		};
		390196D91FDE7E34000F2113 /* NanoSVG */ = {
			isa = PBXGroup;
			children = (
				390196DA1FDE7E34000F2113 /* nanosvg.h */,
			);
			path = NanoSVG;
			sourceTree = "<group>";
		};
		3915234C2019DE51002AF97A /* UI */ = {
			isa = PBXGroup;
			children = (
				3915234D2019E25A002AF97A /* UIButton.cpp */,
				3915234E2019E25A002AF97A /* UIButton.hpp */,
			);
			path = UI;
			sourceTree = "<group>";
		};
		39152351201A8606002AF97A /* protocols */ = {
			isa = PBXGroup;
			children = (
				397A72ED201CF96A0025058C /* CHAINER.json */,
				397A72E8201CF9690025058C /* DO_NOTHING.json */,
				397A72E7201CF9690025058C /* INVERTER.json */,
				397A72EA201CF96A0025058C /* MAP_GENERATOR.json */,
				397A72E6201CF9690025058C /* NOISER_SQUARIFIER.json */,
				397A72E9201CF96A0025058C /* NOISER.json */,
				397A72EB201CF96A0025058C /* ORDER_RANDOMIZER_NOISER.json */,
				397A72EC201CF96A0025058C /* SQUARIFIER.json */,
				397A72E2201B45DE0025058C /* CHAINER_INVERTER.json */,
				397A72E4201B45DE0025058C /* INVERTER_SQUARIFIER.json */,
				397A72E5201B45DF0025058C /* LINEARIZER.json */,
				397A72E1201B45DE0025058C /* ORIENT_RANDOMIZER_CHAINER_SQUARIFIER.json */,
				397A72E3201B45DE0025058C /* ORIENT_RANDOMIZER_CHAINER.json */,
				39152353201AA398002AF97A /* STEPPER.json */,
			);
			path = protocols;
			sourceTree = "<group>";
		};
		39152357201B2DCF002AF97A /* IndexEngine */ = {
			isa = PBXGroup;
			children = (
				39152358201B2DCF002AF97A /* IndexEngine.cpp */,
				39152359201B2DCF002AF97A /* IndexEngine.hpp */,
			);
			path = IndexEngine;
			sourceTree = "<group>";
		};
		391C9045201744760003E2B7 /* JSON */ = {
			isa = PBXGroup;
			children = (
				391C9046201744760003E2B7 /* json.hpp */,
			);
			path = JSON;
			sourceTree = "<group>";
		};
		391C9054201879480003E2B7 /* IO */ = {
			isa = PBXGroup;
			children = (
				391C9055201879480003E2B7 /* Bezier.py */,
				391C9056201879480003E2B7 /* __init__.py */,
			);
			path = IO;
			sourceTree = "<group>";
		};
		392360092009066D00400C45 /* Scenes */ = {
			isa = PBXGroup;
			children = (
				3967C575201117B9006E31AB /* ml2.cpp */,
				3967C576201117BA006E31AB /* ml2.hpp */,
				39131672200F99A000F691B5 /* ml1.cpp */,
				39131673200F99A100F691B5 /* ml1.hpp */,
				3923600F2009066D00400C45 /* Scene.hpp */,
				3923600E2009066D00400C45 /* Val01.cpp */,
				3923600B2009066D00400C45 /* Val01.hpp */,
				3913166F200F6FE700F691B5 /* Val02.cpp */,
				39131670200F6FE700F691B5 /* Val02.hpp */,
				3967C5782011F94D006E31AB /* Gen01.cpp */,
				3967C5792011F94D006E31AB /* Gen01.hpp */,
				391C905D201907B30003E2B7 /* ProtocolsMenu.cpp */,
				391C905E201907B30003E2B7 /* ProtocolsMenu.hpp */,
				39152354201B1541002AF97A /* ProtocolRenderer.cpp */,
				39152355201B1541002AF97A /* ProtocolRenderer.hpp */,
			);
			path = Scenes;
			sourceTree = "<group>";
		};
		3923601B2009105500400C45 /* RessourcesEngine */ = {
			isa = PBXGroup;
			children = (
				3967C59920122EF8006E31AB /* Exporters */,
				3923601C2009105500400C45 /* Importers */,
				392360482009105500400C45 /* RessourcesEngine.hpp */,
				392360302009105500400C45 /* RessourcesEngine.cpp */,
				392360472009105500400C45 /* primitives.cpp */,
			);
			path = RessourcesEngine;
			sourceTree = "<group>";
		};
		3923601C2009105500400C45 /* Importers */ = {
			isa = PBXGroup;
			children = (
				3915235E201B2EF4002AF97A /* JSONImporter.cpp */,
				3915235F201B2EF5002AF97A /* JSONImporter.hpp */,
				3923602F2009105500400C45 /* FontImporter.cpp */,
				3923601F2009105500400C45 /* FontImporter.hpp */,
				3923602B2009105500400C45 /* ImageImporter.cpp */,
				392360262009105500400C45 /* ImageImporter.hpp */,
				392360212009105500400C45 /* Importer.hpp */,
				392360272009105500400C45 /* MeshImporter.cpp */,
				3923602C2009105500400C45 /* MeshImporter.hpp */,
				3923601E2009105500400C45 /* ShaderImporter.cpp */,
				3923602E2009105500400C45 /* ShaderImporter.hpp */,
				3923601D2009105500400C45 /* SoundImporter.cpp */,
				3923602D2009105500400C45 /* SoundImporter.hpp */,
				3952DCAC200BFA820098779F /* SVGImporter.cpp */,
				3952DCAD200BFA820098779F /* SVGImporter.hpp */,
				391C904D201783E10003E2B7 /* JSONToVectorImagesImporter.cpp */,
				391C904E201783E10003E2B7 /* JSONToVectorImagesImporter.hpp */,
			);
			path = Importers;
			sourceTree = "<group>";
		};
		392360312009105500400C45 /* Elements */ = {
			isa = PBXGroup;
			children = (
				392360342009105500400C45 /* Asset.cpp */,
				392360442009105500400C45 /* Asset.hpp */,
				392360382009105500400C45 /* Font.cpp */,
				3923603E2009105500400C45 /* Font.hpp */,
				392360362009105500400C45 /* Image.cpp */,
				392360452009105500400C45 /* Image.hpp */,
				391C9047201744A60003E2B7 /* jsonObject.cpp */,
				391C9049201744F40003E2B7 /* jsonObject.hpp */,
				392360332009105500400C45 /* Mesh.cpp */,
				392360432009105500400C45 /* Mesh.hpp */,
				3923603B2009105500400C45 /* Shader.cpp */,
				392360402009105500400C45 /* Shader.hpp */,
				3923603F2009105500400C45 /* Sound.cpp */,
				392360392009105500400C45 /* Sound.hpp */,
				3952DCB7200E4B980098779F /* Vector */,
			);
			path = Elements;
			sourceTree = "<group>";
		};
		392C9E92200902E70006ECB9 /* Core */ = {
			isa = PBXGroup;
			children = (
				392C9E95200902E70006ECB9 /* AppObject.cpp */,
				392C9E96200902E70006ECB9 /* AppObject.hpp */,
				392C9E94200902E70006ECB9 /* Core.cpp */,
				392C9E98200902E70006ECB9 /* Core.hpp */,
				392C9E93200902E70006ECB9 /* Igniter.cpp */,
				392C9E97200902E70006ECB9 /* Igniter.hpp */,
			);
			path = Core;
			sourceTree = "<group>";
		};
		392C9E99200902E70006ECB9 /* Utils */ = {
			isa = PBXGroup;
			children = (
				392C9E9A200902E70006ECB9 /* Interface */,
				392C9EAE200902E70006ECB9 /* DrawCursor.cpp */,
				392C9EA0200902E70006ECB9 /* DrawCursor.hpp */,
				392C9EAD200902E70006ECB9 /* FilePath.hpp */,
				392C9EA8200902E70006ECB9 /* SDL.cpp */,
				392C9EA1200902E70006ECB9 /* SDL.hpp */,
				392C9EAC200902E70006ECB9 /* ShaderProgram.cpp */,
				392C9EA7200902E70006ECB9 /* ShaderProgram.hpp */,
				392C9E9F200902E70006ECB9 /* Vertex.hpp */,
				3967C56F20108C2A006E31AB /* MeshGroup.cpp */,
				3967C57020108C2A006E31AB /* MeshGroup.hpp */,
				394F942D2016209C0065CE25 /* Python.cpp */,
				394F942E2016209C0065CE25 /* Python.hpp */,
				391CFE482016657700780A4C /* Utils.cpp */,
				391CFE492016657700780A4C /* Utils.hpp */,
				3909C0DA201E47AC00AF66F6 /* FontOutliner.cpp */,
				3909C0DB201E47AC00AF66F6 /* FontOutliner.hpp */,
				3909C0DD201E702800AF66F6 /* Vectorizer.cpp */,
				3909C0DE201E702800AF66F6 /* Vectorizer.hpp */,
			);
			path = Utils;
			sourceTree = "<group>";
		};
		392C9E9A200902E70006ECB9 /* Interface */ = {
			isa = PBXGroup;
			children = (
				3915234C2019DE51002AF97A /* UI */,
				392C9E9D200902E70006ECB9 /* UIElement.hpp */,
				392C9E9E200902E70006ECB9 /* Interface.cpp */,
				392C9E9B200902E70006ECB9 /* Interface.hpp */,
			);
			path = Interface;
			sourceTree = "<group>";
		};
		394F9430201620D40065CE25 /* instructions */ = {
			isa = PBXGroup;
			children = (
				391C9054201879480003E2B7 /* IO */,
				394F94312016212A0065CE25 /* TEST_TEST_TEST.py */,
				391C905B201899010003E2B7 /* GENERATE_PRIMITIVE_CUBE.py */,
			);
			path = instructions;
			sourceTree = "<group>";
		};
		3952DCB7200E4B980098779F /* Vector */ = {
			isa = PBXGroup;
			children = (
				3952DCAF200BFC600098779F /* VectorImage.cpp */,
				3952DCB0200BFC600098779F /* VectorImage.hpp */,
				392C9EA3200902E70006ECB9 /* Bezier.cpp */,
				392C9EA9200902E70006ECB9 /* Bezier.hpp */,
				3952DCB8200E4BB50098779F /* Shape.cpp */,
				3952DCB9200E4BB50098779F /* Shape.hpp */,
			);
			path = Vector;
			sourceTree = "<group>";
		};
		3967C57B20120BAC006E31AB /* GeneratorEngine */ = {
			isa = PBXGroup;
			children = (
				3967C57D20120BD4006E31AB /* instructions */,
				3967C57C20120BCB006E31AB /* InstructionsProtocol */,
				3967C5A120123687006E31AB /* GeneratorEngine.cpp */,
				3967C5A220123687006E31AB /* GeneratorEngine.hpp */,
				3967C58E201225E8006E31AB /* InstructionObject.hpp */,
				3967C58120121F2A006E31AB /* InstructionParameters.cpp */,
				3967C58220121F2A006E31AB /* InstructionParameters.hpp */,
			);
			path = GeneratorEngine;
			sourceTree = "<group>";
		};
		3967C57C20120BCB006E31AB /* InstructionsProtocol */ = {
			isa = PBXGroup;
			children = (
				3967C59F2012308F006E31AB /* InstructionsProtocol.cpp */,
				3967C59020122666006E31AB /* InstructionsProtocol.hpp */,
			);
			path = InstructionsProtocol;
			sourceTree = "<group>";
		};
		3967C57D20120BD4006E31AB /* instructions */ = {
			isa = PBXGroup;
			children = (
				3967C59820122DF5006E31AB /* Paths */,
				3967C57E20120BEC006E31AB /* Instruction.hpp */,
				391CFE452016409D00780A4C /* PythonInstruction.cpp */,
				391CFE462016409D00780A4C /* PythonInstruction.hpp */,
			);
			path = instructions;
			sourceTree = "<group>";
		};
		3967C59820122DF5006E31AB /* Paths */ = {
			isa = PBXGroup;
			children = (
				3967C59520122C51006E31AB /* PathsChaining.cpp */,
				3967C59620122C51006E31AB /* PathsChaining.hpp */,
				397A72D3201B3C510025058C /* PathsInvert.cpp */,
				397A72CC201B3C500025058C /* PathsInvert.hpp */,
				397A72CD201B3C500025058C /* PathsLinearAlizer.cpp */,
				397A72CE201B3C500025058C /* PathsLinearAlizer.hpp */,
				397A72D5201B3C510025058C /* PathsNoise.cpp */,
				397A72D0201B3C510025058C /* PathsNoise.hpp */,
				3967C59220122948006E31AB /* PathsOrderRandomizer.cpp */,
				3967C59320122948006E31AB /* PathsOrderRandomizer.hpp */,
				397A72CF201B3C510025058C /* PathsOrientRandomizer.cpp */,
				397A72D1201B3C510025058C /* PathsOrientRandomizer.hpp */,
				397A72D4201B3C510025058C /* PathsSquarify.cpp */,
				397A72D2201B3C510025058C /* PathsSquarify.hpp */,
			);
			path = Paths;
			sourceTree = "<group>";
		};
		3967C59920122EF8006E31AB /* Exporters */ = {
			isa = PBXGroup;
			children = (
				3915235C201B2EE2002AF97A /* JSONExporter.cpp */,
				3915235B201B2EE1002AF97A /* JSONExporter.hpp */,
				3967C59B20122EF8006E31AB /* SVGExporter.cpp */,
				3967C59C20122EF8006E31AB /* SVGExporter.hpp */,
				391C904A20174D530003E2B7 /* VectorImagesToJSONExporter.cpp */,
				391C904B20174D530003E2B7 /* VectorImagesToJSONExporter.hpp */,
			);
			path = Exporters;
			sourceTree = "<group>";
		};
		397BE0C71FDAED60006254F0 = {
			isa = PBXGroup;
			children = (
				39D90C151FDAEDE400282ED1 /* App */,
				39D90C141FDAEDDC00282ED1 /* README.md */,
				397BE0D11FDAED60006254F0 /* Products */,
				39D90C3D1FDB403E00282ED1 /* Frameworks */,
			);
			sourceTree = "<group>";
		};
		397BE0D11FDAED60006254F0 /* Products */ = {
			isa = PBXGroup;
			children = (
				397BE0D01FDAED60006254F0 /* ImagesGeneriques */,
			);
			name = Products;
			sourceTree = "<group>";
		};
		39AF3CCD1FDB519F0089622E /* RenderEngine */ = {
			isa = PBXGroup;
			children = (
				39AF3CCE1FDB51AD0089622E /* RenderEngine.cpp */,
				39AF3CCF1FDB51AD0089622E /* RenderEngine.hpp */,
			);
			path = RenderEngine;
			sourceTree = "<group>";
		};
		39D90C151FDAEDE400282ED1 /* App */ = {
			isa = PBXGroup;
			children = (
				392360092009066D00400C45 /* Scenes */,
				392C9E92200902E70006ECB9 /* Core */,
				39D90C421FDB486E00282ED1 /* libs */,
				392C9E99200902E70006ECB9 /* Utils */,
				392360312009105500400C45 /* Elements */,
				39D90C351FDAEF6100282ED1 /* Engines */,
				39D90C3A1FDAF0C400282ED1 /* build */,
				39D90C181FDAEE8400282ED1 /* main.cpp */,
				392C9E8F200901370006ECB9 /* libraries.hpp */,
				3952DCAA200BEBCE0098779F /* libraries.cpp */,
				39D90C161FDAEE1400282ED1 /* Makefile */,
			);
			path = App;
			sourceTree = "<group>";
		};
		39D90C221FDAEF0F00282ED1 /* AppEngine */ = {
			isa = PBXGroup;
			children = (
				39D90C2C1FDAEF0F00282ED1 /* AppEngine.cpp */,
				39D90C2A1FDAEF0F00282ED1 /* AppEngine.hpp */,
				3923601920090F6000400C45 /* Interactions.cpp */,
			);
			path = AppEngine;
			sourceTree = "<group>";
		};
		39D90C351FDAEF6100282ED1 /* Engines */ = {
			isa = PBXGroup;
			children = (
				39152357201B2DCF002AF97A /* IndexEngine */,
				3967C57B20120BAC006E31AB /* GeneratorEngine */,
				39D90C221FDAEF0F00282ED1 /* AppEngine */,
				39AF3CCD1FDB519F0089622E /* RenderEngine */,
				3923601B2009105500400C45 /* RessourcesEngine */,
			);
			path = Engines;
			sourceTree = "<group>";
		};
		39D90C3A1FDAF0C400282ED1 /* build */ = {
			isa = PBXGroup;
			children = (
				397A72DB201B44940025058C /* indexLibrary.json */,
				390196C91FDDD956000F2113 /* assets */,
				39AF3CD11FDB541F0089622E /* ImagesGeneriques */,
			);
			path = build;
			sourceTree = "<group>";
		};
		39D90C3D1FDB403E00282ED1 /* Frameworks */ = {
			isa = PBXGroup;
			children = (
				394F942B20161C340065CE25 /* Python.framework */,
				392360172009092900400C45 /* SDL2_image.framework */,
				392360152009090C00400C45 /* libassimp.4.0.1.dylib */,
				39236013200908F600400C45 /* libfreetype.6.dylib */,
				39AF3CCB1FDB4FE10089622E /* SDL2.framework */,
				39D90C701FDB4DBD00282ED1 /* libGLEW.2.1.0.dylib */,
				39D90C3E1FDB403E00282ED1 /* OpenGL.framework */,
			);
			name = Frameworks;
			sourceTree = "<group>";
		};
		39D90C421FDB486E00282ED1 /* libs */ = {
			isa = PBXGroup;
			children = (
				391C9045201744760003E2B7 /* JSON */,
				390196D91FDE7E34000F2113 /* NanoSVG */,
			);
			path = libs;
			sourceTree = "<group>";
		};
/* End PBXGroup section */

/* Begin PBXLegacyTarget section */
		39D90C361FDAF04500282ED1 /* Makefile */ = {
			isa = PBXLegacyTarget;
			buildArgumentsString = "$(ACTION) -j10";
			buildConfigurationList = 39D90C371FDAF04500282ED1 /* Build configuration list for PBXLegacyTarget "Makefile" */;
			buildPhases = (
			);
			buildToolPath = /usr/bin/make;
			buildWorkingDirectory = "/Users/val/Cours/Projet Tuteuré/Images-Generiques/App";
			dependencies = (
			);
			name = Makefile;
			passBuildSettingsInEnvironment = 0;
			productName = Makefile;
		};
/* End PBXLegacyTarget section */

/* Begin PBXNativeTarget section */
		397BE0CF1FDAED60006254F0 /* Xcode */ = {
			isa = PBXNativeTarget;
			buildConfigurationList = 397BE0D71FDAED60006254F0 /* Build configuration list for PBXNativeTarget "Xcode" */;
			buildPhases = (
				397BE0CC1FDAED60006254F0 /* Sources */,
				397BE0CD1FDAED60006254F0 /* Frameworks */,
				397BE0CE1FDAED60006254F0 /* CopyFiles */,
			);
			buildRules = (
			);
			dependencies = (
			);
			name = Xcode;
			productName = "Images-Generiques";
			productReference = 397BE0D01FDAED60006254F0 /* ImagesGeneriques */;
			productType = "com.apple.product-type.tool";
		};
/* End PBXNativeTarget section */

/* Begin PBXProject section */
		397BE0C81FDAED60006254F0 /* Project object */ = {
			isa = PBXProject;
			attributes = {
				LastUpgradeCheck = 0920;
				ORGANIZATIONNAME = "Valentin Dufois";
				TargetAttributes = {
					397BE0CF1FDAED60006254F0 = {
						CreatedOnToolsVersion = 9.2;
						ProvisioningStyle = Automatic;
					};
					39D90C361FDAF04500282ED1 = {
						CreatedOnToolsVersion = 9.2;
						ProvisioningStyle = Automatic;
					};
				};
			};
			buildConfigurationList = 397BE0CB1FDAED60006254F0 /* Build configuration list for PBXProject "Images-Generiques" */;
			compatibilityVersion = "Xcode 8.0";
			developmentRegion = en;
			hasScannedForEncodings = 0;
			knownRegions = (
				en,
				Base,
			);
			mainGroup = 397BE0C71FDAED60006254F0;
			productRefGroup = 397BE0D11FDAED60006254F0 /* Products */;
			projectDirPath = "";
			projectRoot = "";
			targets = (
				397BE0CF1FDAED60006254F0 /* Xcode */,
				39D90C361FDAF04500282ED1 /* Makefile */,
			);
		};
/* End PBXProject section */

/* Begin PBXSourcesBuildPhase section */
		397BE0CC1FDAED60006254F0 /* Sources */ = {
			isa = PBXSourcesBuildPhase;
			buildActionMask = 2147483647;
			files = (
				397A72D7201B3C510025058C /* PathsOrientRandomizer.cpp in Sources */,
				392C9EB9200902E70006ECB9 /* DrawCursor.cpp in Sources */,
				3952DCAE200BFA820098779F /* SVGImporter.cpp in Sources */,
				391CFE472016409D00780A4C /* PythonInstruction.cpp in Sources */,
				3967C59420122948006E31AB /* PathsOrderRandomizer.cpp in Sources */,
				39131674200F99A200F691B5 /* ml1.cpp in Sources */,
				392360522009105600400C45 /* MeshImporter.cpp in Sources */,
				39131671200F6FE700F691B5 /* Val02.cpp in Sources */,
				3909C0DF201E702800AF66F6 /* Vectorizer.cpp in Sources */,
				39AF3CD01FDB51AD0089622E /* RenderEngine.cpp in Sources */,
				39152356201B1541002AF97A /* ProtocolRenderer.cpp in Sources */,
				3967C5A320123687006E31AB /* GeneratorEngine.cpp in Sources */,
				397A72DA201B3C510025058C /* PathsNoise.cpp in Sources */,
				392360562009105600400C45 /* FontImporter.cpp in Sources */,
				3923604C2009105600400C45 /* ShaderImporter.cpp in Sources */,
				392360602009105600400C45 /* Shader.cpp in Sources */,
				3967C58320121F2A006E31AB /* InstructionParameters.cpp in Sources */,
				392360662009105600400C45 /* primitives.cpp in Sources */,
				3923601A20090F6000400C45 /* Interactions.cpp in Sources */,
				392C9EB4200902E70006ECB9 /* Bezier.cpp in Sources */,
				39D90C1A1FDAEE8400282ED1 /* main.cpp in Sources */,
				392360122009066D00400C45 /* Val01.cpp in Sources */,
				392360622009105600400C45 /* Sound.cpp in Sources */,
				3915235D201B2EE2002AF97A /* JSONExporter.cpp in Sources */,
				3952DCAB200BEBCE0098779F /* libraries.cpp in Sources */,
				3909C0DC201E47AC00AF66F6 /* FontOutliner.cpp in Sources */,
				392C9EB3200902E70006ECB9 /* Interface.cpp in Sources */,
				392C9EB8200902E70006ECB9 /* ShaderProgram.cpp in Sources */,
				3967C57120108C2A006E31AB /* MeshGroup.cpp in Sources */,
				391C904F201783E10003E2B7 /* JSONToVectorImagesImporter.cpp in Sources */,
				3967C577201117BA006E31AB /* ml2.cpp in Sources */,
				397A72D8201B3C510025058C /* PathsInvert.cpp in Sources */,
				39152360201B2EF5002AF97A /* JSONImporter.cpp in Sources */,
				3952DCB1200BFC600098779F /* VectorImage.cpp in Sources */,
				3967C5A02012308F006E31AB /* InstructionsProtocol.cpp in Sources */,
				392C9EB7200902E70006ECB9 /* SDL.cpp in Sources */,
				397A72D9201B3C510025058C /* PathsSquarify.cpp in Sources */,
				3967C57A2011F94D006E31AB /* Gen01.cpp in Sources */,
				394F942F2016209C0065CE25 /* Python.cpp in Sources */,
				3952DCBA200E4BB50098779F /* Shape.cpp in Sources */,
				391C904C20174D530003E2B7 /* VectorImagesToJSONExporter.cpp in Sources */,
				3967C59720122C51006E31AB /* PathsChaining.cpp in Sources */,
				392C9EB1200902E70006ECB9 /* AppObject.cpp in Sources */,
				391C9048201744A60003E2B7 /* jsonObject.cpp in Sources */,
				397A72D6201B3C510025058C /* PathsLinearAlizer.cpp in Sources */,
				392360572009105600400C45 /* RessourcesEngine.cpp in Sources */,
				392360592009105600400C45 /* Mesh.cpp in Sources */,
				392360552009105600400C45 /* ImageImporter.cpp in Sources */,
				392C9EB0200902E70006ECB9 /* Core.cpp in Sources */,
				3923605E2009105600400C45 /* Font.cpp in Sources */,
				392C9EAF200902E70006ECB9 /* Igniter.cpp in Sources */,
				3915235A201B2DCF002AF97A /* IndexEngine.cpp in Sources */,
				39D90C341FDAEF0F00282ED1 /* AppEngine.cpp in Sources */,
				391CFE4A2016657700780A4C /* Utils.cpp in Sources */,
				3923605C2009105600400C45 /* Image.cpp in Sources */,
				3915234F2019E25A002AF97A /* UIButton.cpp in Sources */,
				3923604B2009105600400C45 /* SoundImporter.cpp in Sources */,
				391C905F201907B30003E2B7 /* ProtocolsMenu.cpp in Sources */,
				3923605A2009105600400C45 /* Asset.cpp in Sources */,
				3967C59E20122EF8006E31AB /* SVGExporter.cpp in Sources */,
			);
			runOnlyForDeploymentPostprocessing = 0;
		};
/* End PBXSourcesBuildPhase section */

/* Begin XCBuildConfiguration section */
		397BE0D51FDAED60006254F0 /* Debug */ = {
			isa = XCBuildConfiguration;
			buildSettings = {
				ALWAYS_SEARCH_USER_PATHS = NO;
				CLANG_ANALYZER_NONNULL = YES;
				CLANG_ANALYZER_NUMBER_OBJECT_CONVERSION = YES_AGGRESSIVE;
				CLANG_CXX_LANGUAGE_STANDARD = "gnu++0x";
				CLANG_CXX_LIBRARY = "libc++";
				CLANG_ENABLE_MODULES = YES;
				CLANG_ENABLE_OBJC_ARC = YES;
				CLANG_WARN_BLOCK_CAPTURE_AUTORELEASING = YES;
				CLANG_WARN_BOOL_CONVERSION = YES;
				CLANG_WARN_COMMA = YES;
				CLANG_WARN_CONSTANT_CONVERSION = YES;
				CLANG_WARN_DIRECT_OBJC_ISA_USAGE = YES_ERROR;
				CLANG_WARN_DOCUMENTATION_COMMENTS = YES;
				CLANG_WARN_EMPTY_BODY = YES;
				CLANG_WARN_ENUM_CONVERSION = YES;
				CLANG_WARN_INFINITE_RECURSION = YES;
				CLANG_WARN_INT_CONVERSION = YES;
				CLANG_WARN_NON_LITERAL_NULL_CONVERSION = YES;
				CLANG_WARN_OBJC_LITERAL_CONVERSION = YES;
				CLANG_WARN_OBJC_ROOT_CLASS = YES_ERROR;
				CLANG_WARN_RANGE_LOOP_ANALYSIS = YES;
				CLANG_WARN_STRICT_PROTOTYPES = YES;
				CLANG_WARN_SUSPICIOUS_MOVE = YES;
				CLANG_WARN_UNGUARDED_AVAILABILITY = YES_AGGRESSIVE;
				CLANG_WARN_UNREACHABLE_CODE = YES;
				CLANG_WARN__DUPLICATE_METHOD_MATCH = YES;
				CODE_SIGN_IDENTITY = "-";
				COPY_PHASE_STRIP = NO;
				DEBUG_INFORMATION_FORMAT = dwarf;
				ENABLE_STRICT_OBJC_MSGSEND = YES;
				ENABLE_TESTABILITY = YES;
				GCC_C_LANGUAGE_STANDARD = gnu11;
				GCC_DYNAMIC_NO_PIC = NO;
				GCC_NO_COMMON_BLOCKS = YES;
				GCC_OPTIMIZATION_LEVEL = 0;
				GCC_PREPROCESSOR_DEFINITIONS = (
					"DEBUG=1",
					"$(inherited)",
				);
				GCC_WARN_64_TO_32_BIT_CONVERSION = YES;
				GCC_WARN_ABOUT_RETURN_TYPE = YES_ERROR;
				GCC_WARN_UNDECLARED_SELECTOR = YES;
				GCC_WARN_UNINITIALIZED_AUTOS = YES_AGGRESSIVE;
				GCC_WARN_UNUSED_FUNCTION = YES;
				GCC_WARN_UNUSED_VARIABLE = YES;
				MACOSX_DEPLOYMENT_TARGET = 10.13;
				MTL_ENABLE_DEBUG_INFO = YES;
				ONLY_ACTIVE_ARCH = YES;
				SDKROOT = macosx;
			};
			name = Debug;
		};
		397BE0D61FDAED60006254F0 /* Release */ = {
			isa = XCBuildConfiguration;
			buildSettings = {
				ALWAYS_SEARCH_USER_PATHS = NO;
				CLANG_ANALYZER_NONNULL = YES;
				CLANG_ANALYZER_NUMBER_OBJECT_CONVERSION = YES_AGGRESSIVE;
				CLANG_CXX_LANGUAGE_STANDARD = "gnu++0x";
				CLANG_CXX_LIBRARY = "libc++";
				CLANG_ENABLE_MODULES = YES;
				CLANG_ENABLE_OBJC_ARC = YES;
				CLANG_WARN_BLOCK_CAPTURE_AUTORELEASING = YES;
				CLANG_WARN_BOOL_CONVERSION = YES;
				CLANG_WARN_COMMA = YES;
				CLANG_WARN_CONSTANT_CONVERSION = YES;
				CLANG_WARN_DIRECT_OBJC_ISA_USAGE = YES_ERROR;
				CLANG_WARN_DOCUMENTATION_COMMENTS = YES;
				CLANG_WARN_EMPTY_BODY = YES;
				CLANG_WARN_ENUM_CONVERSION = YES;
				CLANG_WARN_INFINITE_RECURSION = YES;
				CLANG_WARN_INT_CONVERSION = YES;
				CLANG_WARN_NON_LITERAL_NULL_CONVERSION = YES;
				CLANG_WARN_OBJC_LITERAL_CONVERSION = YES;
				CLANG_WARN_OBJC_ROOT_CLASS = YES_ERROR;
				CLANG_WARN_RANGE_LOOP_ANALYSIS = YES;
				CLANG_WARN_STRICT_PROTOTYPES = YES;
				CLANG_WARN_SUSPICIOUS_MOVE = YES;
				CLANG_WARN_UNGUARDED_AVAILABILITY = YES_AGGRESSIVE;
				CLANG_WARN_UNREACHABLE_CODE = YES;
				CLANG_WARN__DUPLICATE_METHOD_MATCH = YES;
				CODE_SIGN_IDENTITY = "-";
				COPY_PHASE_STRIP = NO;
				DEBUG_INFORMATION_FORMAT = "dwarf-with-dsym";
				ENABLE_NS_ASSERTIONS = NO;
				ENABLE_STRICT_OBJC_MSGSEND = YES;
				GCC_C_LANGUAGE_STANDARD = gnu11;
				GCC_NO_COMMON_BLOCKS = YES;
				GCC_WARN_64_TO_32_BIT_CONVERSION = YES;
				GCC_WARN_ABOUT_RETURN_TYPE = YES_ERROR;
				GCC_WARN_UNDECLARED_SELECTOR = YES;
				GCC_WARN_UNINITIALIZED_AUTOS = YES_AGGRESSIVE;
				GCC_WARN_UNUSED_FUNCTION = YES;
				GCC_WARN_UNUSED_VARIABLE = YES;
				MACOSX_DEPLOYMENT_TARGET = 10.13;
				MTL_ENABLE_DEBUG_INFO = NO;
				SDKROOT = macosx;
			};
			name = Release;
		};
		397BE0D81FDAED60006254F0 /* Debug */ = {
			isa = XCBuildConfiguration;
			buildSettings = {
				CLANG_CXX_LANGUAGE_STANDARD = "c++17";
				CODE_SIGN_STYLE = Automatic;
				CONFIGURATION_BUILD_DIR = "$(BUILD_DIR)/";
				EXCLUDED_SOURCE_FILE_NAMES = "App/libs/*";
				FRAMEWORK_SEARCH_PATHS = (
					"$(inherited)",
					"$(LOCAL_LIBRARY_DIR)/Frameworks",
				);
				"GCC_PREPROCESSOR_DEFINITIONS[arch=*]" = (
					"DEBUG=1",
					__XCODE__,
				);
				HEADER_SEARCH_PATHS = (
					/usr/local/include,
					/usr/local/Cellar/freetype/2.8/include/freetype2,
					"$(SRCROOT)/App/",
					"$(SRCROOT)/App/libs/",
					/System/Library/Frameworks/Python.framework/Versions/2.7/include/python2.7,
				);
				LIBRARY_SEARCH_PATHS = (
					/usr/local/lib,
					/usr/local/Cellar/sdl/1.2.15/lib,
					"$(SRC_ROOT)",
					/usr/local/Cellar/freetype/2.8/lib,
					/usr/local/Cellar/assimp/4.0.1/lib,
					/usr/local/Cellar/boost/1.66.0/lib,
				);
				OTHER_LDFLAGS = (
					"-lboost_system",
					"-lboost_filesystem",
				);
				PRODUCT_NAME = ImagesGeneriques;
				SYMROOT = App/build;
			};
			name = Debug;
		};
		397BE0D91FDAED60006254F0 /* Release */ = {
			isa = XCBuildConfiguration;
			buildSettings = {
				CLANG_CXX_LANGUAGE_STANDARD = "c++17";
				CODE_SIGN_STYLE = Automatic;
				CONFIGURATION_BUILD_DIR = "$(BUILD_DIR)/";
				EXCLUDED_SOURCE_FILE_NAMES = "App/libs/*";
				FRAMEWORK_SEARCH_PATHS = (
					"$(inherited)",
					"$(LOCAL_LIBRARY_DIR)/Frameworks",
				);
				"GCC_PREPROCESSOR_DEFINITIONS[arch=*]" = __XCODE__;
				HEADER_SEARCH_PATHS = (
					/usr/local/include,
					/usr/local/Cellar/freetype/2.8/include/freetype2,
					"$(SRCROOT)/App/",
					"$(SRCROOT)/App/libs/",
					/System/Library/Frameworks/Python.framework/Versions/2.7/include/python2.7,
				);
				LIBRARY_SEARCH_PATHS = (
					/usr/local/lib,
					/usr/local/Cellar/sdl/1.2.15/lib,
					"$(SRC_ROOT)",
					/usr/local/Cellar/freetype/2.8/lib,
					/usr/local/Cellar/assimp/4.0.1/lib,
					/usr/local/Cellar/boost/1.66.0/lib,
				);
				OTHER_LDFLAGS = (
					"-lboost_system",
					"-lboost_filesystem",
				);
				PRODUCT_NAME = ImagesGeneriques;
				SYMROOT = App/build;
			};
			name = Release;
		};
		39D90C381FDAF04500282ED1 /* Debug */ = {
			isa = XCBuildConfiguration;
			buildSettings = {
				CLANG_CXX_LANGUAGE_STANDARD = "c++1z";
				CLANG_CXX_LIBRARY = "libc++";
				CODE_SIGN_STYLE = Automatic;
				DEBUGGING_SYMBOLS = YES;
				DEBUG_INFORMATION_FORMAT = dwarf;
				GCC_GENERATE_DEBUGGING_SYMBOLS = YES;
				GCC_OPTIMIZATION_LEVEL = 0;
				LDLIBS = "-lglfw3 -lframework OpenGL";
				OTHER_CFLAGS = "";
				OTHER_LDFLAGS = "";
				PRODUCT_NAME = "$(TARGET_NAME)";
			};
			name = Debug;
		};
		39D90C391FDAF04500282ED1 /* Release */ = {
			isa = XCBuildConfiguration;
			buildSettings = {
				CLANG_CXX_LANGUAGE_STANDARD = "c++1z";
				CLANG_CXX_LIBRARY = "libc++";
				CODE_SIGN_STYLE = Automatic;
				DEBUG_INFORMATION_FORMAT = "dwarf-with-dsym";
				LDLIBS = "-lglfw3 -lframework OpenGL";
				OTHER_CFLAGS = "";
				OTHER_LDFLAGS = "";
				PRODUCT_NAME = "$(TARGET_NAME)";
			};
			name = Release;
		};
/* End XCBuildConfiguration section */

/* Begin XCConfigurationList section */
		397BE0CB1FDAED60006254F0 /* Build configuration list for PBXProject "Images-Generiques" */ = {
			isa = XCConfigurationList;
			buildConfigurations = (
				397BE0D51FDAED60006254F0 /* Debug */,
				397BE0D61FDAED60006254F0 /* Release */,
			);
			defaultConfigurationIsVisible = 0;
			defaultConfigurationName = Release;
		};
		397BE0D71FDAED60006254F0 /* Build configuration list for PBXNativeTarget "Xcode" */ = {
			isa = XCConfigurationList;
			buildConfigurations = (
				397BE0D81FDAED60006254F0 /* Debug */,
				397BE0D91FDAED60006254F0 /* Release */,
			);
			defaultConfigurationIsVisible = 0;
			defaultConfigurationName = Release;
		};
		39D90C371FDAF04500282ED1 /* Build configuration list for PBXLegacyTarget "Makefile" */ = {
			isa = XCConfigurationList;
			buildConfigurations = (
				39D90C381FDAF04500282ED1 /* Debug */,
				39D90C391FDAF04500282ED1 /* Release */,
			);
			defaultConfigurationIsVisible = 0;
			defaultConfigurationName = Release;
		};
/* End XCConfigurationList section */
	};
	rootObject = 397BE0C81FDAED60006254F0 /* Project object */;
}
